
Microsoft Visual Studio Solution File, Format Version 12.00
# Visual Studio Version 17
VisualStudioVersion = 17.4.33122.133
MinimumVisualStudioVersion = 10.0.40219.1
Project("{FAE04EC0-301F-11D3-BF4B-00C04F79EFBC}") = "pWord4", "pWord4\pWord4.csproj", "{BE60889D-9947-4FA9-87AE-81693593EB79}"
EndProject
Project("{FAE04EC0-301F-11D3-BF4B-00C04F79EFBC}") = "myPword", "..\pword\myPword.csproj", "{439D51A6-D899-4BB9-8B93-85B486673842}"
EndProject
Project("{FAE04EC0-301F-11D3-BF4B-00C04F79EFBC}") = "pWordLib", "..\pWordLib\pWordLib.csproj", "{001AC338-98C7-440E-ABC3-4D0056FE6D56}"
EndProject
Project("{FAE04EC0-301F-11D3-BF4B-00C04F79EFBC}") = "LeftRight", "..\LeftRight\LeftRight.csproj", "{351681A0-AA94-4BF9-855A-683D5981F90D}"
EndProject
Project("{9A19103F-16F7-4668-BE54-9A1E7A4F7556}") = "PlaygroundAlpha", "PlaygroundAlpha\PlaygroundAlpha.csproj", "{0975AEA2-5C08-41BD-94E0-C80525FDD3F2}"
EndProject
Project("{2150E333-8FDC-42A3-9474-1A3956D46DE8}") = "Solution Items", "Solution Items", "{7C431006-99B5-4004-A071-4E99AB554B1B}"
	ProjectSection(SolutionItems) = preProject
		readme.md = readme.md
	EndProjectSection
EndProject
Project("{9A19103F-16F7-4668-BE54-9A1E7A4F7556}") = "PnodeDataProvider", "PnodeDataProvider\PnodeDataProvider.csproj", "{F2F1B8C1-75C0-4A70-B4A1-7EC1A1502792}"
EndProject
Project("{9A19103F-16F7-4668-BE54-9A1E7A4F7556}") = "OpNodeTests", "OpNodeTests\OpNodeTests.csproj", "{B49ABF91-7CEC-4298-A5AE-BC383AA3BB00}"
EndProject
Project("{9A19103F-16F7-4668-BE54-9A1E7A4F7556}") = "OpNodeWPF", "OpNodeWPF\OpNodeWPF.csproj", "{D4E838F3-CDE1-47BF-A587-26D27CF4069E}"
EndProject
Project("{FAE04EC0-301F-11D3-BF4B-00C04F79EFBC}") = "OpNodeTest2", "OpNodeTest2\OpNodeTest2.csproj", "{785D6FA1-31AC-43BA-BFC4-865ED09944CA}"
EndProject
Global
	GlobalSection(SolutionConfigurationPlatforms) = preSolution
		CD_ROM|Any CPU = CD_ROM|Any CPU
		CD_ROM|Mixed Platforms = CD_ROM|Mixed Platforms
		CD_ROM|x86 = CD_ROM|x86
		Debug|Any CPU = Debug|Any CPU
		Debug|Mixed Platforms = Debug|Mixed Platforms
		Debug|x86 = Debug|x86
		DVD-5|Any CPU = DVD-5|Any CPU
		DVD-5|Mixed Platforms = DVD-5|Mixed Platforms
		DVD-5|x86 = DVD-5|x86
		Release|Any CPU = Release|Any CPU
		Release|Mixed Platforms = Release|Mixed Platforms
		Release|x86 = Release|x86
		SingleImage|Any CPU = SingleImage|Any CPU
		SingleImage|Mixed Platforms = SingleImage|Mixed Platforms
		SingleImage|x86 = SingleImage|x86
	EndGlobalSection
	GlobalSection(ProjectConfigurationPlatforms) = postSolution
		{BE60889D-9947-4FA9-87AE-81693593EB79}.CD_ROM|Any CPU.ActiveCfg = Debug|Any CPU
		{BE60889D-9947-4FA9-87AE-81693593EB79}.CD_ROM|Any CPU.Build.0 = Debug|Any CPU
		{BE60889D-9947-4FA9-87AE-81693593EB79}.CD_ROM|Mixed Platforms.ActiveCfg = Release|x86
		{BE60889D-9947-4FA9-87AE-81693593EB79}.CD_ROM|Mixed Platforms.Build.0 = Release|x86
		{BE60889D-9947-4FA9-87AE-81693593EB79}.CD_ROM|x86.ActiveCfg = Release|x86
		{BE60889D-9947-4FA9-87AE-81693593EB79}.CD_ROM|x86.Build.0 = Release|x86
		{BE60889D-9947-4FA9-87AE-81693593EB79}.Debug|Any CPU.ActiveCfg = Debug|Any CPU
		{BE60889D-9947-4FA9-87AE-81693593EB79}.Debug|Any CPU.Build.0 = Debug|Any CPU
		{BE60889D-9947-4FA9-87AE-81693593EB79}.Debug|Mixed Platforms.ActiveCfg = Debug|x86
		{BE60889D-9947-4FA9-87AE-81693593EB79}.Debug|x86.ActiveCfg = Release|Any CPU
		{BE60889D-9947-4FA9-87AE-81693593EB79}.DVD-5|Any CPU.ActiveCfg = Debug|Any CPU
		{BE60889D-9947-4FA9-87AE-81693593EB79}.DVD-5|Any CPU.Build.0 = Debug|Any CPU
		{BE60889D-9947-4FA9-87AE-81693593EB79}.DVD-5|Mixed Platforms.ActiveCfg = Debug|x86
		{BE60889D-9947-4FA9-87AE-81693593EB79}.DVD-5|Mixed Platforms.Build.0 = Debug|x86
		{BE60889D-9947-4FA9-87AE-81693593EB79}.DVD-5|x86.ActiveCfg = Debug|x86
		{BE60889D-9947-4FA9-87AE-81693593EB79}.DVD-5|x86.Build.0 = Debug|x86
		{BE60889D-9947-4FA9-87AE-81693593EB79}.Release|Any CPU.ActiveCfg = Release|Any CPU
		{BE60889D-9947-4FA9-87AE-81693593EB79}.Release|Any CPU.Build.0 = Release|Any CPU
		{BE60889D-9947-4FA9-87AE-81693593EB79}.Release|Mixed Platforms.ActiveCfg = Release|x86
		{BE60889D-9947-4FA9-87AE-81693593EB79}.Release|Mixed Platforms.Build.0 = Release|x86
		{BE60889D-9947-4FA9-87AE-81693593EB79}.Release|x86.ActiveCfg = Release|x86
		{BE60889D-9947-4FA9-87AE-81693593EB79}.Release|x86.Build.0 = Release|x86
		{BE60889D-9947-4FA9-87AE-81693593EB79}.SingleImage|Any CPU.ActiveCfg = Debug|Any CPU
		{BE60889D-9947-4FA9-87AE-81693593EB79}.SingleImage|Any CPU.Build.0 = Debug|Any CPU
		{BE60889D-9947-4FA9-87AE-81693593EB79}.SingleImage|Mixed Platforms.ActiveCfg = Release|x86
		{BE60889D-9947-4FA9-87AE-81693593EB79}.SingleImage|Mixed Platforms.Build.0 = Release|x86
		{BE60889D-9947-4FA9-87AE-81693593EB79}.SingleImage|x86.ActiveCfg = Release|x86
		{BE60889D-9947-4FA9-87AE-81693593EB79}.SingleImage|x86.Build.0 = Release|x86
		{439D51A6-D899-4BB9-8B93-85B486673842}.CD_ROM|Any CPU.ActiveCfg = Release|Any CPU
		{439D51A6-D899-4BB9-8B93-85B486673842}.CD_ROM|Any CPU.Build.0 = Release|Any CPU
		{439D51A6-D899-4BB9-8B93-85B486673842}.CD_ROM|Mixed Platforms.ActiveCfg = Release|x86
		{439D51A6-D899-4BB9-8B93-85B486673842}.CD_ROM|Mixed Platforms.Build.0 = Release|x86
		{439D51A6-D899-4BB9-8B93-85B486673842}.CD_ROM|x86.ActiveCfg = Release|x86
		{439D51A6-D899-4BB9-8B93-85B486673842}.CD_ROM|x86.Build.0 = Release|x86
		{439D51A6-D899-4BB9-8B93-85B486673842}.Debug|Any CPU.ActiveCfg = Debug|Any CPU
		{439D51A6-D899-4BB9-8B93-85B486673842}.Debug|Any CPU.Build.0 = Debug|Any CPU
		{439D51A6-D899-4BB9-8B93-85B486673842}.Debug|Mixed Platforms.ActiveCfg = Debug|Any CPU
		{439D51A6-D899-4BB9-8B93-85B486673842}.Debug|Mixed Platforms.Build.0 = Debug|Any CPU
		{439D51A6-D899-4BB9-8B93-85B486673842}.Debug|x86.ActiveCfg = Release|Any CPU
		{439D51A6-D899-4BB9-8B93-85B486673842}.Debug|x86.Build.0 = Release|Any CPU
		{439D51A6-D899-4BB9-8B93-85B486673842}.DVD-5|Any CPU.ActiveCfg = Debug|Any CPU
		{439D51A6-D899-4BB9-8B93-85B486673842}.DVD-5|Any CPU.Build.0 = Debug|Any CPU
		{439D51A6-D899-4BB9-8B93-85B486673842}.DVD-5|Mixed Platforms.ActiveCfg = Debug|x86
		{439D51A6-D899-4BB9-8B93-85B486673842}.DVD-5|Mixed Platforms.Build.0 = Debug|x86
		{439D51A6-D899-4BB9-8B93-85B486673842}.DVD-5|x86.ActiveCfg = Debug|x86
		{439D51A6-D899-4BB9-8B93-85B486673842}.DVD-5|x86.Build.0 = Debug|x86
		{439D51A6-D899-4BB9-8B93-85B486673842}.Release|Any CPU.ActiveCfg = Release|Any CPU
		{439D51A6-D899-4BB9-8B93-85B486673842}.Release|Any CPU.Build.0 = Release|Any CPU
		{439D51A6-D899-4BB9-8B93-85B486673842}.Release|Mixed Platforms.ActiveCfg = Release|Any CPU
		{439D51A6-D899-4BB9-8B93-85B486673842}.Release|Mixed Platforms.Build.0 = Release|Any CPU
		{439D51A6-D899-4BB9-8B93-85B486673842}.Release|x86.ActiveCfg = Release|Any CPU
		{439D51A6-D899-4BB9-8B93-85B486673842}.SingleImage|Any CPU.ActiveCfg = Debug|Any CPU
		{439D51A6-D899-4BB9-8B93-85B486673842}.SingleImage|Any CPU.Build.0 = Debug|Any CPU
		{439D51A6-D899-4BB9-8B93-85B486673842}.SingleImage|Mixed Platforms.ActiveCfg = Release|x86
		{439D51A6-D899-4BB9-8B93-85B486673842}.SingleImage|Mixed Platforms.Build.0 = Release|x86
		{439D51A6-D899-4BB9-8B93-85B486673842}.SingleImage|x86.ActiveCfg = Release|x86
		{439D51A6-D899-4BB9-8B93-85B486673842}.SingleImage|x86.Build.0 = Release|x86
		{001AC338-98C7-440E-ABC3-4D0056FE6D56}.CD_ROM|Any CPU.ActiveCfg = Release|Any CPU
		{001AC338-98C7-440E-ABC3-4D0056FE6D56}.CD_ROM|Any CPU.Build.0 = Release|Any CPU
		{001AC338-98C7-440E-ABC3-4D0056FE6D56}.CD_ROM|Mixed Platforms.ActiveCfg = Release|x86
		{001AC338-98C7-440E-ABC3-4D0056FE6D56}.CD_ROM|Mixed Platforms.Build.0 = Release|x86
		{001AC338-98C7-440E-ABC3-4D0056FE6D56}.CD_ROM|x86.ActiveCfg = Release|x86
		{001AC338-98C7-440E-ABC3-4D0056FE6D56}.CD_ROM|x86.Build.0 = Release|x86
		{001AC338-98C7-440E-ABC3-4D0056FE6D56}.Debug|Any CPU.ActiveCfg = Debug|Any CPU
		{001AC338-98C7-440E-ABC3-4D0056FE6D56}.Debug|Any CPU.Build.0 = Debug|Any CPU
		{001AC338-98C7-440E-ABC3-4D0056FE6D56}.Debug|Mixed Platforms.ActiveCfg = Debug|Any CPU
		{001AC338-98C7-440E-ABC3-4D0056FE6D56}.Debug|Mixed Platforms.Build.0 = Debug|Any CPU
		{001AC338-98C7-440E-ABC3-4D0056FE6D56}.Debug|x86.ActiveCfg = Release|Any CPU
		{001AC338-98C7-440E-ABC3-4D0056FE6D56}.DVD-5|Any CPU.ActiveCfg = Debug|Any CPU
		{001AC338-98C7-440E-ABC3-4D0056FE6D56}.DVD-5|Any CPU.Build.0 = Debug|Any CPU
		{001AC338-98C7-440E-ABC3-4D0056FE6D56}.DVD-5|Mixed Platforms.ActiveCfg = Debug|x86
		{001AC338-98C7-440E-ABC3-4D0056FE6D56}.DVD-5|Mixed Platforms.Build.0 = Debug|x86
		{001AC338-98C7-440E-ABC3-4D0056FE6D56}.DVD-5|x86.ActiveCfg = Debug|x86
		{001AC338-98C7-440E-ABC3-4D0056FE6D56}.DVD-5|x86.Build.0 = Debug|x86
		{001AC338-98C7-440E-ABC3-4D0056FE6D56}.Release|Any CPU.ActiveCfg = Release|Any CPU
		{001AC338-98C7-440E-ABC3-4D0056FE6D56}.Release|Any CPU.Build.0 = Release|Any CPU
		{001AC338-98C7-440E-ABC3-4D0056FE6D56}.Release|Mixed Platforms.ActiveCfg = Release|Any CPU
		{001AC338-98C7-440E-ABC3-4D0056FE6D56}.Release|Mixed Platforms.Build.0 = Release|Any CPU
		{001AC338-98C7-440E-ABC3-4D0056FE6D56}.Release|x86.ActiveCfg = Release|Any CPU
		{001AC338-98C7-440E-ABC3-4D0056FE6D56}.SingleImage|Any CPU.ActiveCfg = Debug|Any CPU
		{001AC338-98C7-440E-ABC3-4D0056FE6D56}.SingleImage|Any CPU.Build.0 = Debug|Any CPU
		{001AC338-98C7-440E-ABC3-4D0056FE6D56}.SingleImage|Mixed Platforms.ActiveCfg = Release|x86
		{001AC338-98C7-440E-ABC3-4D0056FE6D56}.SingleImage|Mixed Platforms.Build.0 = Release|x86
		{001AC338-98C7-440E-ABC3-4D0056FE6D56}.SingleImage|x86.ActiveCfg = Release|x86
		{001AC338-98C7-440E-ABC3-4D0056FE6D56}.SingleImage|x86.Build.0 = Release|x86
		{351681A0-AA94-4BF9-855A-683D5981F90D}.CD_ROM|Any CPU.ActiveCfg = Release|Any CPU
		{351681A0-AA94-4BF9-855A-683D5981F90D}.CD_ROM|Any CPU.Build.0 = Release|Any CPU
		{351681A0-AA94-4BF9-855A-683D5981F90D}.CD_ROM|Mixed Platforms.ActiveCfg = Release|x86
		{351681A0-AA94-4BF9-855A-683D5981F90D}.CD_ROM|Mixed Platforms.Build.0 = Release|x86
		{351681A0-AA94-4BF9-855A-683D5981F90D}.CD_ROM|x86.ActiveCfg = Release|x86
		{351681A0-AA94-4BF9-855A-683D5981F90D}.CD_ROM|x86.Build.0 = Release|x86
		{351681A0-AA94-4BF9-855A-683D5981F90D}.Debug|Any CPU.ActiveCfg = Debug|Any CPU
		{351681A0-AA94-4BF9-855A-683D5981F90D}.Debug|Any CPU.Build.0 = Debug|Any CPU
		{351681A0-AA94-4BF9-855A-683D5981F90D}.Debug|Mixed Platforms.ActiveCfg = Debug|Any CPU
		{351681A0-AA94-4BF9-855A-683D5981F90D}.Debug|x86.ActiveCfg = Release|Any CPU
		{351681A0-AA94-4BF9-855A-683D5981F90D}.DVD-5|Any CPU.ActiveCfg = Debug|Any CPU
		{351681A0-AA94-4BF9-855A-683D5981F90D}.DVD-5|Any CPU.Build.0 = Debug|Any CPU
		{351681A0-AA94-4BF9-855A-683D5981F90D}.DVD-5|Mixed Platforms.ActiveCfg = Debug|x86
		{351681A0-AA94-4BF9-855A-683D5981F90D}.DVD-5|Mixed Platforms.Build.0 = Debug|x86
		{351681A0-AA94-4BF9-855A-683D5981F90D}.DVD-5|x86.ActiveCfg = Debug|x86
		{351681A0-AA94-4BF9-855A-683D5981F90D}.DVD-5|x86.Build.0 = Debug|x86
		{351681A0-AA94-4BF9-855A-683D5981F90D}.Release|Any CPU.ActiveCfg = Release|Any CPU
		{351681A0-AA94-4BF9-855A-683D5981F90D}.Release|Any CPU.Build.0 = Release|Any CPU
		{351681A0-AA94-4BF9-855A-683D5981F90D}.Release|Mixed Platforms.ActiveCfg = Release|Any CPU
		{351681A0-AA94-4BF9-855A-683D5981F90D}.Release|Mixed Platforms.Build.0 = Release|Any CPU
		{351681A0-AA94-4BF9-855A-683D5981F90D}.Release|x86.ActiveCfg = Release|Any CPU
		{351681A0-AA94-4BF9-855A-683D5981F90D}.SingleImage|Any CPU.ActiveCfg = Debug|Any CPU
		{351681A0-AA94-4BF9-855A-683D5981F90D}.SingleImage|Any CPU.Build.0 = Debug|Any CPU
		{351681A0-AA94-4BF9-855A-683D5981F90D}.SingleImage|Mixed Platforms.ActiveCfg = Release|x86
		{351681A0-AA94-4BF9-855A-683D5981F90D}.SingleImage|Mixed Platforms.Build.0 = Release|x86
		{351681A0-AA94-4BF9-855A-683D5981F90D}.SingleImage|x86.ActiveCfg = Release|x86
		{351681A0-AA94-4BF9-855A-683D5981F90D}.SingleImage|x86.Build.0 = Release|x86
		{0975AEA2-5C08-41BD-94E0-C80525FDD3F2}.CD_ROM|Any CPU.ActiveCfg = Debug|Any CPU
		{0975AEA2-5C08-41BD-94E0-C80525FDD3F2}.CD_ROM|Any CPU.Build.0 = Debug|Any CPU
		{0975AEA2-5C08-41BD-94E0-C80525FDD3F2}.CD_ROM|Mixed Platforms.ActiveCfg = Debug|Any CPU
		{0975AEA2-5C08-41BD-94E0-C80525FDD3F2}.CD_ROM|Mixed Platforms.Build.0 = Debug|Any CPU
		{0975AEA2-5C08-41BD-94E0-C80525FDD3F2}.CD_ROM|x86.ActiveCfg = Debug|Any CPU
		{0975AEA2-5C08-41BD-94E0-C80525FDD3F2}.CD_ROM|x86.Build.0 = Debug|Any CPU
		{0975AEA2-5C08-41BD-94E0-C80525FDD3F2}.Debug|Any CPU.ActiveCfg = Debug|Any CPU
		{0975AEA2-5C08-41BD-94E0-C80525FDD3F2}.Debug|Any CPU.Build.0 = Debug|Any CPU
		{0975AEA2-5C08-41BD-94E0-C80525FDD3F2}.Debug|Mixed Platforms.ActiveCfg = Debug|Any CPU
		{0975AEA2-5C08-41BD-94E0-C80525FDD3F2}.Debug|Mixed Platforms.Build.0 = Debug|Any CPU
		{0975AEA2-5C08-41BD-94E0-C80525FDD3F2}.Debug|x86.ActiveCfg = Debug|Any CPU
		{0975AEA2-5C08-41BD-94E0-C80525FDD3F2}.Debug|x86.Build.0 = Debug|Any CPU
		{0975AEA2-5C08-41BD-94E0-C80525FDD3F2}.DVD-5|Any CPU.ActiveCfg = Debug|Any CPU
		{0975AEA2-5C08-41BD-94E0-C80525FDD3F2}.DVD-5|Any CPU.Build.0 = Debug|Any CPU
		{0975AEA2-5C08-41BD-94E0-C80525FDD3F2}.DVD-5|Mixed Platforms.ActiveCfg = Debug|Any CPU
		{0975AEA2-5C08-41BD-94E0-C80525FDD3F2}.DVD-5|Mixed Platforms.Build.0 = Debug|Any CPU
		{0975AEA2-5C08-41BD-94E0-C80525FDD3F2}.DVD-5|x86.ActiveCfg = Debug|Any CPU
		{0975AEA2-5C08-41BD-94E0-C80525FDD3F2}.DVD-5|x86.Build.0 = Debug|Any CPU
		{0975AEA2-5C08-41BD-94E0-C80525FDD3F2}.Release|Any CPU.ActiveCfg = Release|Any CPU
		{0975AEA2-5C08-41BD-94E0-C80525FDD3F2}.Release|Any CPU.Build.0 = Release|Any CPU
		{0975AEA2-5C08-41BD-94E0-C80525FDD3F2}.Release|Mixed Platforms.ActiveCfg = Release|Any CPU
		{0975AEA2-5C08-41BD-94E0-C80525FDD3F2}.Release|Mixed Platforms.Build.0 = Release|Any CPU
		{0975AEA2-5C08-41BD-94E0-C80525FDD3F2}.Release|x86.ActiveCfg = Release|Any CPU
		{0975AEA2-5C08-41BD-94E0-C80525FDD3F2}.Release|x86.Build.0 = Release|Any CPU
		{0975AEA2-5C08-41BD-94E0-C80525FDD3F2}.SingleImage|Any CPU.ActiveCfg = Debug|Any CPU
		{0975AEA2-5C08-41BD-94E0-C80525FDD3F2}.SingleImage|Any CPU.Build.0 = Debug|Any CPU
		{0975AEA2-5C08-41BD-94E0-C80525FDD3F2}.SingleImage|Mixed Platforms.ActiveCfg = Debug|Any CPU
		{0975AEA2-5C08-41BD-94E0-C80525FDD3F2}.SingleImage|Mixed Platforms.Build.0 = Debug|Any CPU
		{0975AEA2-5C08-41BD-94E0-C80525FDD3F2}.SingleImage|x86.ActiveCfg = Debug|Any CPU
		{0975AEA2-5C08-41BD-94E0-C80525FDD3F2}.SingleImage|x86.Build.0 = Debug|Any CPU
		{F2F1B8C1-75C0-4A70-B4A1-7EC1A1502792}.CD_ROM|Any CPU.ActiveCfg = Debug|Any CPU
		{F2F1B8C1-75C0-4A70-B4A1-7EC1A1502792}.CD_ROM|Any CPU.Build.0 = Debug|Any CPU
		{F2F1B8C1-75C0-4A70-B4A1-7EC1A1502792}.CD_ROM|Mixed Platforms.ActiveCfg = Debug|Any CPU
		{F2F1B8C1-75C0-4A70-B4A1-7EC1A1502792}.CD_ROM|Mixed Platforms.Build.0 = Debug|Any CPU
		{F2F1B8C1-75C0-4A70-B4A1-7EC1A1502792}.CD_ROM|x86.ActiveCfg = Debug|Any CPU
		{F2F1B8C1-75C0-4A70-B4A1-7EC1A1502792}.CD_ROM|x86.Build.0 = Debug|Any CPU
		{F2F1B8C1-75C0-4A70-B4A1-7EC1A1502792}.Debug|Any CPU.ActiveCfg = Debug|Any CPU
		{F2F1B8C1-75C0-4A70-B4A1-7EC1A1502792}.Debug|Any CPU.Build.0 = Debug|Any CPU
		{F2F1B8C1-75C0-4A70-B4A1-7EC1A1502792}.Debug|Mixed Platforms.ActiveCfg = Debug|Any CPU
		{F2F1B8C1-75C0-4A70-B4A1-7EC1A1502792}.Debug|Mixed Platforms.Build.0 = Debug|Any CPU
		{F2F1B8C1-75C0-4A70-B4A1-7EC1A1502792}.Debug|x86.ActiveCfg = Debug|Any CPU
		{F2F1B8C1-75C0-4A70-B4A1-7EC1A1502792}.Debug|x86.Build.0 = Debug|Any CPU
		{F2F1B8C1-75C0-4A70-B4A1-7EC1A1502792}.DVD-5|Any CPU.ActiveCfg = Debug|Any CPU
		{F2F1B8C1-75C0-4A70-B4A1-7EC1A1502792}.DVD-5|Any CPU.Build.0 = Debug|Any CPU
		{F2F1B8C1-75C0-4A70-B4A1-7EC1A1502792}.DVD-5|Mixed Platforms.ActiveCfg = Debug|Any CPU
		{F2F1B8C1-75C0-4A70-B4A1-7EC1A1502792}.DVD-5|Mixed Platforms.Build.0 = Debug|Any CPU
		{F2F1B8C1-75C0-4A70-B4A1-7EC1A1502792}.DVD-5|x86.ActiveCfg = Debug|Any CPU
		{F2F1B8C1-75C0-4A70-B4A1-7EC1A1502792}.DVD-5|x86.Build.0 = Debug|Any CPU
		{F2F1B8C1-75C0-4A70-B4A1-7EC1A1502792}.Release|Any CPU.ActiveCfg = Release|Any CPU
		{F2F1B8C1-75C0-4A70-B4A1-7EC1A1502792}.Release|Any CPU.Build.0 = Release|Any CPU
		{F2F1B8C1-75C0-4A70-B4A1-7EC1A1502792}.Release|Mixed Platforms.ActiveCfg = Release|Any CPU
		{F2F1B8C1-75C0-4A70-B4A1-7EC1A1502792}.Release|Mixed Platforms.Build.0 = Release|Any CPU
		{F2F1B8C1-75C0-4A70-B4A1-7EC1A1502792}.Release|x86.ActiveCfg = Release|Any CPU
		{F2F1B8C1-75C0-4A70-B4A1-7EC1A1502792}.Release|x86.Build.0 = Release|Any CPU
		{F2F1B8C1-75C0-4A70-B4A1-7EC1A1502792}.SingleImage|Any CPU.ActiveCfg = Debug|Any CPU
		{F2F1B8C1-75C0-4A70-B4A1-7EC1A1502792}.SingleImage|Any CPU.Build.0 = Debug|Any CPU
		{F2F1B8C1-75C0-4A70-B4A1-7EC1A1502792}.SingleImage|Mixed Platforms.ActiveCfg = Debug|Any CPU
		{F2F1B8C1-75C0-4A70-B4A1-7EC1A1502792}.SingleImage|Mixed Platforms.Build.0 = Debug|Any CPU
		{F2F1B8C1-75C0-4A70-B4A1-7EC1A1502792}.SingleImage|x86.ActiveCfg = Debug|Any CPU
		{F2F1B8C1-75C0-4A70-B4A1-7EC1A1502792}.SingleImage|x86.Build.0 = Debug|Any CPU
		{B49ABF91-7CEC-4298-A5AE-BC383AA3BB00}.CD_ROM|Any CPU.ActiveCfg = Debug|Any CPU
		{B49ABF91-7CEC-4298-A5AE-BC383AA3BB00}.CD_ROM|Any CPU.Build.0 = Debug|Any CPU
		{B49ABF91-7CEC-4298-A5AE-BC383AA3BB00}.CD_ROM|Mixed Platforms.ActiveCfg = Debug|Any CPU
		{B49ABF91-7CEC-4298-A5AE-BC383AA3BB00}.CD_ROM|Mixed Platforms.Build.0 = Debug|Any CPU
		{B49ABF91-7CEC-4298-A5AE-BC383AA3BB00}.CD_ROM|x86.ActiveCfg = Debug|Any CPU
		{B49ABF91-7CEC-4298-A5AE-BC383AA3BB00}.CD_ROM|x86.Build.0 = Debug|Any CPU
		{B49ABF91-7CEC-4298-A5AE-BC383AA3BB00}.Debug|Any CPU.ActiveCfg = Debug|Any CPU
		{B49ABF91-7CEC-4298-A5AE-BC383AA3BB00}.Debug|Any CPU.Build.0 = Debug|Any CPU
		{B49ABF91-7CEC-4298-A5AE-BC383AA3BB00}.Debug|Mixed Platforms.ActiveCfg = Debug|Any CPU
		{B49ABF91-7CEC-4298-A5AE-BC383AA3BB00}.Debug|Mixed Platforms.Build.0 = Debug|Any CPU
		{B49ABF91-7CEC-4298-A5AE-BC383AA3BB00}.Debug|x86.ActiveCfg = Debug|Any CPU
		{B49ABF91-7CEC-4298-A5AE-BC383AA3BB00}.Debug|x86.Build.0 = Debug|Any CPU
		{B49ABF91-7CEC-4298-A5AE-BC383AA3BB00}.DVD-5|Any CPU.ActiveCfg = Debug|Any CPU
		{B49ABF91-7CEC-4298-A5AE-BC383AA3BB00}.DVD-5|Any CPU.Build.0 = Debug|Any CPU
		{B49ABF91-7CEC-4298-A5AE-BC383AA3BB00}.DVD-5|Mixed Platforms.ActiveCfg = Debug|Any CPU
		{B49ABF91-7CEC-4298-A5AE-BC383AA3BB00}.DVD-5|Mixed Platforms.Build.0 = Debug|Any CPU
		{B49ABF91-7CEC-4298-A5AE-BC383AA3BB00}.DVD-5|x86.ActiveCfg = Debug|Any CPU
		{B49ABF91-7CEC-4298-A5AE-BC383AA3BB00}.DVD-5|x86.Build.0 = Debug|Any CPU
		{B49ABF91-7CEC-4298-A5AE-BC383AA3BB00}.Release|Any CPU.ActiveCfg = Release|Any CPU
		{B49ABF91-7CEC-4298-A5AE-BC383AA3BB00}.Release|Any CPU.Build.0 = Release|Any CPU
		{B49ABF91-7CEC-4298-A5AE-BC383AA3BB00}.Release|Mixed Platforms.ActiveCfg = Release|Any CPU
		{B49ABF91-7CEC-4298-A5AE-BC383AA3BB00}.Release|Mixed Platforms.Build.0 = Release|Any CPU
		{B49ABF91-7CEC-4298-A5AE-BC383AA3BB00}.Release|x86.ActiveCfg = Release|Any CPU
		{B49ABF91-7CEC-4298-A5AE-BC383AA3BB00}.Release|x86.Build.0 = Release|Any CPU
		{B49ABF91-7CEC-4298-A5AE-BC383AA3BB00}.SingleImage|Any CPU.ActiveCfg = Debug|Any CPU
		{B49ABF91-7CEC-4298-A5AE-BC383AA3BB00}.SingleImage|Any CPU.Build.0 = Debug|Any CPU
		{B49ABF91-7CEC-4298-A5AE-BC383AA3BB00}.SingleImage|Mixed Platforms.ActiveCfg = Debug|Any CPU
		{B49ABF91-7CEC-4298-A5AE-BC383AA3BB00}.SingleImage|Mixed Platforms.Build.0 = Debug|Any CPU
		{B49ABF91-7CEC-4298-A5AE-BC383AA3BB00}.SingleImage|x86.ActiveCfg = Debug|Any CPU
		{B49ABF91-7CEC-4298-A5AE-BC383AA3BB00}.SingleImage|x86.Build.0 = Debug|Any CPU
		{D4E838F3-CDE1-47BF-A587-26D27CF4069E}.CD_ROM|Any CPU.ActiveCfg = Debug|Any CPU
		{D4E838F3-CDE1-47BF-A587-26D27CF4069E}.CD_ROM|Any CPU.Build.0 = Debug|Any CPU
		{D4E838F3-CDE1-47BF-A587-26D27CF4069E}.CD_ROM|Mixed Platforms.ActiveCfg = Debug|Any CPU
		{D4E838F3-CDE1-47BF-A587-26D27CF4069E}.CD_ROM|Mixed Platforms.Build.0 = Debug|Any CPU
		{D4E838F3-CDE1-47BF-A587-26D27CF4069E}.CD_ROM|x86.ActiveCfg = Debug|Any CPU
		{D4E838F3-CDE1-47BF-A587-26D27CF4069E}.CD_ROM|x86.Build.0 = Debug|Any CPU
		{D4E838F3-CDE1-47BF-A587-26D27CF4069E}.Debug|Any CPU.ActiveCfg = Debug|Any CPU
		{D4E838F3-CDE1-47BF-A587-26D27CF4069E}.Debug|Any CPU.Build.0 = Debug|Any CPU
		{D4E838F3-CDE1-47BF-A587-26D27CF4069E}.Debug|Mixed Platforms.ActiveCfg = Debug|Any CPU
		{D4E838F3-CDE1-47BF-A587-26D27CF4069E}.Debug|Mixed Platforms.Build.0 = Debug|Any CPU
		{D4E838F3-CDE1-47BF-A587-26D27CF4069E}.Debug|x86.ActiveCfg = Debug|Any CPU
		{D4E838F3-CDE1-47BF-A587-26D27CF4069E}.Debug|x86.Build.0 = Debug|Any CPU
		{D4E838F3-CDE1-47BF-A587-26D27CF4069E}.DVD-5|Any CPU.ActiveCfg = Debug|Any CPU
		{D4E838F3-CDE1-47BF-A587-26D27CF4069E}.DVD-5|Any CPU.Build.0 = Debug|Any CPU
		{D4E838F3-CDE1-47BF-A587-26D27CF4069E}.DVD-5|Mixed Platforms.ActiveCfg = Debug|Any CPU
		{D4E838F3-CDE1-47BF-A587-26D27CF4069E}.DVD-5|Mixed Platforms.Build.0 = Debug|Any CPU
		{D4E838F3-CDE1-47BF-A587-26D27CF4069E}.DVD-5|x86.ActiveCfg = Debug|Any CPU
		{D4E838F3-CDE1-47BF-A587-26D27CF4069E}.DVD-5|x86.Build.0 = Debug|Any CPU
		{D4E838F3-CDE1-47BF-A587-26D27CF4069E}.Release|Any CPU.ActiveCfg = Release|Any CPU
		{D4E838F3-CDE1-47BF-A587-26D27CF4069E}.Release|Any CPU.Build.0 = Release|Any CPU
		{D4E838F3-CDE1-47BF-A587-26D27CF4069E}.Release|Mixed Platforms.ActiveCfg = Release|Any CPU
		{D4E838F3-CDE1-47BF-A587-26D27CF4069E}.Release|Mixed Platforms.Build.0 = Release|Any CPU
		{D4E838F3-CDE1-47BF-A587-26D27CF4069E}.Release|x86.ActiveCfg = Release|Any CPU
		{D4E838F3-CDE1-47BF-A587-26D27CF4069E}.Release|x86.Build.0 = Release|Any CPU
		{D4E838F3-CDE1-47BF-A587-26D27CF4069E}.SingleImage|Any CPU.ActiveCfg = Debug|Any CPU
		{D4E838F3-CDE1-47BF-A587-26D27CF4069E}.SingleImage|Any CPU.Build.0 = Debug|Any CPU
		{D4E838F3-CDE1-47BF-A587-26D27CF4069E}.SingleImage|Mixed Platforms.ActiveCfg = Debug|Any CPU
		{D4E838F3-CDE1-47BF-A587-26D27CF4069E}.SingleImage|Mixed Platforms.Build.0 = Debug|Any CPU
		{D4E838F3-CDE1-47BF-A587-26D27CF4069E}.SingleImage|x86.ActiveCfg = Debug|Any CPU
		{D4E838F3-CDE1-47BF-A587-26D27CF4069E}.SingleImage|x86.Build.0 = Debug|Any CPU
		{785D6FA1-31AC-43BA-BFC4-865ED09944CA}.CD_ROM|Any CPU.ActiveCfg = Debug|Any CPU
		{785D6FA1-31AC-43BA-BFC4-865ED09944CA}.CD_ROM|Any CPU.Build.0 = Debug|Any CPU
		{785D6FA1-31AC-43BA-BFC4-865ED09944CA}.CD_ROM|Mixed Platforms.ActiveCfg = Debug|Any CPU
		{785D6FA1-31AC-43BA-BFC4-865ED09944CA}.CD_ROM|Mixed Platforms.Build.0 = Debug|Any CPU
		{785D6FA1-31AC-43BA-BFC4-865ED09944CA}.CD_ROM|x86.ActiveCfg = Debug|Any CPU
		{785D6FA1-31AC-43BA-BFC4-865ED09944CA}.CD_ROM|x86.Build.0 = Debug|Any CPU
		{785D6FA1-31AC-43BA-BFC4-865ED09944CA}.Debug|Any CPU.ActiveCfg = Debug|Any CPU
		{785D6FA1-31AC-43BA-BFC4-865ED09944CA}.Debug|Any CPU.Build.0 = Debug|Any CPU
		{785D6FA1-31AC-43BA-BFC4-865ED09944CA}.Debug|Mixed Platforms.ActiveCfg = Debug|Any CPU
		{785D6FA1-31AC-43BA-BFC4-865ED09944CA}.Debug|Mixed Platforms.Build.0 = Debug|Any CPU
		{785D6FA1-31AC-43BA-BFC4-865ED09944CA}.Debug|x86.ActiveCfg = Debug|Any CPU
		{785D6FA1-31AC-43BA-BFC4-865ED09944CA}.Debug|x86.Build.0 = Debug|Any CPU
		{785D6FA1-31AC-43BA-BFC4-865ED09944CA}.DVD-5|Any CPU.ActiveCfg = Debug|Any CPU
		{785D6FA1-31AC-43BA-BFC4-865ED09944CA}.DVD-5|Any CPU.Build.0 = Debug|Any CPU
		{785D6FA1-31AC-43BA-BFC4-865ED09944CA}.DVD-5|Mixed Platforms.ActiveCfg = Debug|Any CPU
		{785D6FA1-31AC-43BA-BFC4-865ED09944CA}.DVD-5|Mixed Platforms.Build.0 = Debug|Any CPU
		{785D6FA1-31AC-43BA-BFC4-865ED09944CA}.DVD-5|x86.ActiveCfg = Debug|Any CPU
		{785D6FA1-31AC-43BA-BFC4-865ED09944CA}.DVD-5|x86.Build.0 = Debug|Any CPU
		{785D6FA1-31AC-43BA-BFC4-865ED09944CA}.Release|Any CPU.ActiveCfg = Release|Any CPU
		{785D6FA1-31AC-43BA-BFC4-865ED09944CA}.Release|Any CPU.Build.0 = Release|Any CPU
		{785D6FA1-31AC-43BA-BFC4-865ED09944CA}.Release|Mixed Platforms.ActiveCfg = Release|Any CPU
		{785D6FA1-31AC-43BA-BFC4-865ED09944CA}.Release|Mixed Platforms.Build.0 = Release|Any CPU
		{785D6FA1-31AC-43BA-BFC4-865ED09944CA}.Release|x86.ActiveCfg = Release|Any CPU
		{785D6FA1-31AC-43BA-BFC4-865ED09944CA}.Release|x86.Build.0 = Release|Any CPU
		{785D6FA1-31AC-43BA-BFC4-865ED09944CA}.SingleImage|Any CPU.ActiveCfg = Debug|Any CPU
		{785D6FA1-31AC-43BA-BFC4-865ED09944CA}.SingleImage|Any CPU.Build.0 = Debug|Any CPU
		{785D6FA1-31AC-43BA-BFC4-865ED09944CA}.SingleImage|Mixed Platforms.ActiveCfg = Debug|Any CPU
		{785D6FA1-31AC-43BA-BFC4-865ED09944CA}.SingleImage|Mixed Platforms.Build.0 = Debug|Any CPU
		{785D6FA1-31AC-43BA-BFC4-865ED09944CA}.SingleImage|x86.ActiveCfg = Debug|Any CPU
		{785D6FA1-31AC-43BA-BFC4-865ED09944CA}.SingleImage|x86.Build.0 = Debug|Any CPU
	EndGlobalSection
	GlobalSection(SolutionProperties) = preSolution
		HideSolutionNode = FALSE
	EndGlobalSection
	GlobalSection(ExtensibilityGlobals) = postSolution
		SolutionGuid = {1E99DF90-F3F8-4676-A585-F090E59F8423}
	EndGlobalSection
	GlobalSection(Performance) = preSolution
		HasPerformanceSessions = true
	EndGlobalSection
EndGlobal
